// !$*UTF8*$!
{
	archiveVersion = 1;
	classes = {
	};
	objectVersion = 55;
	objects = {

/* Begin PBXBuildFile section */
		28277B36286EF4F70079A376 /* SearchBarView.swift in Sources */ = {isa = PBXBuildFile; fileRef = 28277B35286EF4F70079A376 /* SearchBarView.swift */; };
		28277B3A286F02B00079A376 /* UIApplication+Extension.swift in Sources */ = {isa = PBXBuildFile; fileRef = 28277B39286F02AF0079A376 /* UIApplication+Extension.swift */; };
		28277B3C286F24DB0079A376 /* ForecastDetailView.swift in Sources */ = {isa = PBXBuildFile; fileRef = 28277B3B286F24DB0079A376 /* ForecastDetailView.swift */; };
		28277B3E286F71A20079A376 /* Color+Extension.swift in Sources */ = {isa = PBXBuildFile; fileRef = 28277B3D286F71A20079A376 /* Color+Extension.swift */; };
		28277B40286F98850079A376 /* Launch Screen.storyboard in Resources */ = {isa = PBXBuildFile; fileRef = 28277B3F286F98850079A376 /* Launch Screen.storyboard */; };
		284A2F3E287C7C000087C1F8 /* WeatherIcons.swift in Sources */ = {isa = PBXBuildFile; fileRef = 284A2F3D287C7C000087C1F8 /* WeatherIcons.swift */; };
		28AE18BF2870E70C00940159 /* ForecastRepository.swift in Sources */ = {isa = PBXBuildFile; fileRef = 28AE18BE2870E70C00940159 /* ForecastRepository.swift */; };
		28AE18C22871C31E00940159 /* NetworkManager.swift in Sources */ = {isa = PBXBuildFile; fileRef = 28AE18C12871C31E00940159 /* NetworkManager.swift */; };
		28AE18C528722E9A00940159 /* BannerModifier.swift in Sources */ = {isa = PBXBuildFile; fileRef = 28AE18C428722E9A00940159 /* BannerModifier.swift */; };
		28AE18C82872D72200940159 /* PopupView.swift in Sources */ = {isa = PBXBuildFile; fileRef = 28AE18C72872D72200940159 /* PopupView.swift */; };
		28AE18CB28733DBB00940159 /* Publisher+Dump.swift in Sources */ = {isa = PBXBuildFile; fileRef = 28AE18C928733DBB00940159 /* Publisher+Dump.swift */; };
		28AE18CC28733DBB00940159 /* Publisher+Retry.swift in Sources */ = {isa = PBXBuildFile; fileRef = 28AE18CA28733DBB00940159 /* Publisher+Retry.swift */; };
		28AE18CE28741FA100940159 /* DomainForecast.swift in Sources */ = {isa = PBXBuildFile; fileRef = 28AE18CD28741FA100940159 /* DomainForecast.swift */; };
		28AE18D12874203600940159 /* Constants.swift in Sources */ = {isa = PBXBuildFile; fileRef = 28AE18D02874203600940159 /* Constants.swift */; };
		28C373EB286CF6440048A41E /* ForecastWeatherApp.swift in Sources */ = {isa = PBXBuildFile; fileRef = 28C373EA286CF6440048A41E /* ForecastWeatherApp.swift */; };
		28C373ED286CF6440048A41E /* MainView.swift in Sources */ = {isa = PBXBuildFile; fileRef = 28C373EC286CF6440048A41E /* MainView.swift */; };
		28C373EF286CF64D0048A41E /* Assets.xcassets in Resources */ = {isa = PBXBuildFile; fileRef = 28C373EE286CF64D0048A41E /* Assets.xcassets */; };
		28C373F2286CF64D0048A41E /* Preview Assets.xcassets in Resources */ = {isa = PBXBuildFile; fileRef = 28C373F1286CF64D0048A41E /* Preview Assets.xcassets */; };
		28C373FA286CF77D0048A41E /* Forecast.swift in Sources */ = {isa = PBXBuildFile; fileRef = 28C373F9286CF77D0048A41E /* Forecast.swift */; };
		28C373FE286DB6800048A41E /* ForecastViewModel.swift in Sources */ = {isa = PBXBuildFile; fileRef = 28C373FD286DB6800048A41E /* ForecastViewModel.swift */; };
		28C37400286DB6A60048A41E /* ForecastRemoteDataService.swift in Sources */ = {isa = PBXBuildFile; fileRef = 28C373FF286DB6A60048A41E /* ForecastRemoteDataService.swift */; };
		28C37403286DB6F50048A41E /* ForecastListViewModel.swift in Sources */ = {isa = PBXBuildFile; fileRef = 28C37402286DB6F50048A41E /* ForecastListViewModel.swift */; };
		28C37406286E38200048A41E /* Kingfisher in Frameworks */ = {isa = PBXBuildFile; productRef = 28C37405286E38200048A41E /* Kingfisher */; };
/* End PBXBuildFile section */

/* Begin PBXFileReference section */
		28277B35286EF4F70079A376 /* SearchBarView.swift */ = {isa = PBXFileReference; lastKnownFileType = sourcecode.swift; path = SearchBarView.swift; sourceTree = "<group>"; };
		28277B39286F02AF0079A376 /* UIApplication+Extension.swift */ = {isa = PBXFileReference; lastKnownFileType = sourcecode.swift; path = "UIApplication+Extension.swift"; sourceTree = "<group>"; };
		28277B3B286F24DB0079A376 /* ForecastDetailView.swift */ = {isa = PBXFileReference; lastKnownFileType = sourcecode.swift; path = ForecastDetailView.swift; sourceTree = "<group>"; };
		28277B3D286F71A20079A376 /* Color+Extension.swift */ = {isa = PBXFileReference; lastKnownFileType = sourcecode.swift; path = "Color+Extension.swift"; sourceTree = "<group>"; };
		28277B3F286F98850079A376 /* Launch Screen.storyboard */ = {isa = PBXFileReference; lastKnownFileType = file.storyboard; path = "Launch Screen.storyboard"; sourceTree = "<group>"; };
		284A2F3D287C7C000087C1F8 /* WeatherIcons.swift */ = {isa = PBXFileReference; lastKnownFileType = sourcecode.swift; path = WeatherIcons.swift; sourceTree = "<group>"; };
		28AE18BE2870E70C00940159 /* ForecastRepository.swift */ = {isa = PBXFileReference; lastKnownFileType = sourcecode.swift; path = ForecastRepository.swift; sourceTree = "<group>"; };
		28AE18C12871C31E00940159 /* NetworkManager.swift */ = {isa = PBXFileReference; lastKnownFileType = sourcecode.swift; path = NetworkManager.swift; sourceTree = "<group>"; };
		28AE18C428722E9A00940159 /* BannerModifier.swift */ = {isa = PBXFileReference; lastKnownFileType = sourcecode.swift; path = BannerModifier.swift; sourceTree = "<group>"; };
		28AE18C72872D72200940159 /* PopupView.swift */ = {isa = PBXFileReference; lastKnownFileType = sourcecode.swift; path = PopupView.swift; sourceTree = "<group>"; };
		28AE18C928733DBB00940159 /* Publisher+Dump.swift */ = {isa = PBXFileReference; fileEncoding = 4; lastKnownFileType = sourcecode.swift; path = "Publisher+Dump.swift"; sourceTree = "<group>"; };
		28AE18CA28733DBB00940159 /* Publisher+Retry.swift */ = {isa = PBXFileReference; fileEncoding = 4; lastKnownFileType = sourcecode.swift; path = "Publisher+Retry.swift"; sourceTree = "<group>"; };
		28AE18CD28741FA100940159 /* DomainForecast.swift */ = {isa = PBXFileReference; lastKnownFileType = sourcecode.swift; path = DomainForecast.swift; sourceTree = "<group>"; };
		28AE18D02874203600940159 /* Constants.swift */ = {isa = PBXFileReference; lastKnownFileType = sourcecode.swift; path = Constants.swift; sourceTree = "<group>"; };
		28C373E7286CF6440048A41E /* ForecastWeather.app */ = {isa = PBXFileReference; explicitFileType = wrapper.application; includeInIndex = 0; path = ForecastWeather.app; sourceTree = BUILT_PRODUCTS_DIR; };
		28C373EA286CF6440048A41E /* ForecastWeatherApp.swift */ = {isa = PBXFileReference; lastKnownFileType = sourcecode.swift; path = ForecastWeatherApp.swift; sourceTree = "<group>"; };
		28C373EC286CF6440048A41E /* MainView.swift */ = {isa = PBXFileReference; lastKnownFileType = sourcecode.swift; path = MainView.swift; sourceTree = "<group>"; };
		28C373EE286CF64D0048A41E /* Assets.xcassets */ = {isa = PBXFileReference; lastKnownFileType = folder.assetcatalog; path = Assets.xcassets; sourceTree = "<group>"; };
		28C373F1286CF64D0048A41E /* Preview Assets.xcassets */ = {isa = PBXFileReference; lastKnownFileType = folder.assetcatalog; path = "Preview Assets.xcassets"; sourceTree = "<group>"; };
		28C373F9286CF77D0048A41E /* Forecast.swift */ = {isa = PBXFileReference; lastKnownFileType = sourcecode.swift; path = Forecast.swift; sourceTree = "<group>"; };
		28C373FD286DB6800048A41E /* ForecastViewModel.swift */ = {isa = PBXFileReference; lastKnownFileType = sourcecode.swift; path = ForecastViewModel.swift; sourceTree = "<group>"; };
		28C373FF286DB6A60048A41E /* ForecastRemoteDataService.swift */ = {isa = PBXFileReference; lastKnownFileType = sourcecode.swift; path = ForecastRemoteDataService.swift; sourceTree = "<group>"; };
		28C37402286DB6F50048A41E /* ForecastListViewModel.swift */ = {isa = PBXFileReference; lastKnownFileType = sourcecode.swift; path = ForecastListViewModel.swift; sourceTree = "<group>"; };
/* End PBXFileReference section */

/* Begin PBXFrameworksBuildPhase section */
		28C373E4286CF6430048A41E /* Frameworks */ = {
			isa = PBXFrameworksBuildPhase;
			buildActionMask = 2147483647;
			files = (
				28C37406286E38200048A41E /* Kingfisher in Frameworks */,
			);
			runOnlyForDeploymentPostprocessing = 0;
		};
/* End PBXFrameworksBuildPhase section */

/* Begin PBXGroup section */
		28277B38286F02910079A376 /* Extensions */ = {
			isa = PBXGroup;
			children = (
				28AE18C928733DBB00940159 /* Publisher+Dump.swift */,
				28AE18CA28733DBB00940159 /* Publisher+Retry.swift */,
				28277B39286F02AF0079A376 /* UIApplication+Extension.swift */,
				28277B3D286F71A20079A376 /* Color+Extension.swift */,
			);
			path = Extensions;
			sourceTree = "<group>";
		};
		28AE18C02871C30800940159 /* Utilities */ = {
			isa = PBXGroup;
			children = (
				28AE18C12871C31E00940159 /* NetworkManager.swift */,
				28AE18BE2870E70C00940159 /* ForecastRepository.swift */,
			);
			path = Utilities;
			sourceTree = "<group>";
		};
		28AE18C328722E7800940159 /* Modifier */ = {
			isa = PBXGroup;
			children = (
				28AE18C428722E9A00940159 /* BannerModifier.swift */,
			);
			path = Modifier;
			sourceTree = "<group>";
		};
		28AE18C62872D70E00940159 /* Custom Views */ = {
			isa = PBXGroup;
			children = (
				28AE18C72872D72200940159 /* PopupView.swift */,
			);
			path = "Custom Views";
			sourceTree = "<group>";
		};
		28AE18CF2874202400940159 /* Constants */ = {
			isa = PBXGroup;
			children = (
				28AE18D02874203600940159 /* Constants.swift */,
			);
			path = Constants;
			sourceTree = "<group>";
		};
		28C373DE286CF6430048A41E = {
			isa = PBXGroup;
			children = (
				28C373E9286CF6440048A41E /* ForecastWeather */,
				28C373E8286CF6440048A41E /* Products */,
			);
			sourceTree = "<group>";
		};
		28C373E8286CF6440048A41E /* Products */ = {
			isa = PBXGroup;
			children = (
				28C373E7286CF6440048A41E /* ForecastWeather.app */,
			);
			name = Products;
			sourceTree = "<group>";
		};
		28C373E9286CF6440048A41E /* ForecastWeather */ = {
			isa = PBXGroup;
			children = (
				28AE18CF2874202400940159 /* Constants */,
				28C373EA286CF6440048A41E /* ForecastWeatherApp.swift */,
				28AE18C62872D70E00940159 /* Custom Views */,
				28AE18C328722E7800940159 /* Modifier */,
				28AE18C02871C30800940159 /* Utilities */,
				28277B38286F02910079A376 /* Extensions */,
				28C373F8286CF76E0048A41E /* Model */,
				28C37401286DB6B20048A41E /* Service */,
				28C373FB286DB6420048A41E /* Modules */,
				28C373EE286CF64D0048A41E /* Assets.xcassets */,
				28C373EC286CF6440048A41E /* MainView.swift */,
				28C373F0286CF64D0048A41E /* Preview Content */,
				28277B3F286F98850079A376 /* Launch Screen.storyboard */,
			);
			path = ForecastWeather;
			sourceTree = "<group>";
		};
		28C373F0286CF64D0048A41E /* Preview Content */ = {
			isa = PBXGroup;
			children = (
				28C373F1286CF64D0048A41E /* Preview Assets.xcassets */,
			);
			path = "Preview Content";
			sourceTree = "<group>";
		};
		28C373F8286CF76E0048A41E /* Model */ = {
			isa = PBXGroup;
			children = (
				28C373F9286CF77D0048A41E /* Forecast.swift */,
				28AE18CD28741FA100940159 /* DomainForecast.swift */,
				284A2F3D287C7C000087C1F8 /* WeatherIcons.swift */,
			);
			path = Model;
			sourceTree = "<group>";
		};
		28C373FB286DB6420048A41E /* Modules */ = {
			isa = PBXGroup;
			children = (
				28C373FC286DB66C0048A41E /* Forecast */,
			);
			path = Modules;
			sourceTree = "<group>";
		};
		28C373FC286DB66C0048A41E /* Forecast */ = {
			isa = PBXGroup;
			children = (
				28C373FD286DB6800048A41E /* ForecastViewModel.swift */,
				28C37402286DB6F50048A41E /* ForecastListViewModel.swift */,
				28277B35286EF4F70079A376 /* SearchBarView.swift */,
				28277B3B286F24DB0079A376 /* ForecastDetailView.swift */,
			);
			path = Forecast;
			sourceTree = "<group>";
		};
		28C37401286DB6B20048A41E /* Service */ = {
			isa = PBXGroup;
			children = (
				28C373FF286DB6A60048A41E /* ForecastRemoteDataService.swift */,
			);
			path = Service;
			sourceTree = "<group>";
		};
/* End PBXGroup section */

/* Begin PBXNativeTarget section */
		28C373E6286CF6430048A41E /* ForecastWeather */ = {
			isa = PBXNativeTarget;
			buildConfigurationList = 28C373F5286CF64D0048A41E /* Build configuration list for PBXNativeTarget "ForecastWeather" */;
			buildPhases = (
				28C373E3286CF6430048A41E /* Sources */,
				28C373E4286CF6430048A41E /* Frameworks */,
				28C373E5286CF6430048A41E /* Resources */,
			);
			buildRules = (
			);
			dependencies = (
			);
			name = ForecastWeather;
			packageProductDependencies = (
				28C37405286E38200048A41E /* Kingfisher */,
			);
			productName = ForecastWeather;
			productReference = 28C373E7286CF6440048A41E /* ForecastWeather.app */;
			productType = "com.apple.product-type.application";
		};
/* End PBXNativeTarget section */

/* Begin PBXProject section */
		28C373DF286CF6430048A41E /* Project object */ = {
			isa = PBXProject;
			attributes = {
				BuildIndependentTargetsInParallel = 1;
				LastSwiftUpdateCheck = 1340;
				LastUpgradeCheck = 1340;
				TargetAttributes = {
					28C373E6286CF6430048A41E = {
						CreatedOnToolsVersion = 13.4;
					};
				};
			};
			buildConfigurationList = 28C373E2286CF6430048A41E /* Build configuration list for PBXProject "ForecastWeather" */;
			compatibilityVersion = "Xcode 13.0";
			developmentRegion = en;
			hasScannedForEncodings = 0;
			knownRegions = (
				en,
				Base,
			);
			mainGroup = 28C373DE286CF6430048A41E;
			packageReferences = (
				28C37404286E381F0048A41E /* XCRemoteSwiftPackageReference "Kingfisher" */,
			);
			productRefGroup = 28C373E8286CF6440048A41E /* Products */;
			projectDirPath = "";
			projectRoot = "";
			targets = (
				28C373E6286CF6430048A41E /* ForecastWeather */,
			);
		};
/* End PBXProject section */

/* Begin PBXResourcesBuildPhase section */
		28C373E5286CF6430048A41E /* Resources */ = {
			isa = PBXResourcesBuildPhase;
			buildActionMask = 2147483647;
			files = (
				28277B40286F98850079A376 /* Launch Screen.storyboard in Resources */,
				28C373F2286CF64D0048A41E /* Preview Assets.xcassets in Resources */,
				28C373EF286CF64D0048A41E /* Assets.xcassets in Resources */,
			);
			runOnlyForDeploymentPostprocessing = 0;
		};
/* End PBXResourcesBuildPhase section */

/* Begin PBXSourcesBuildPhase section */
		28C373E3286CF6430048A41E /* Sources */ = {
			isa = PBXSourcesBuildPhase;
			buildActionMask = 2147483647;
			files = (
				28C373ED286CF6440048A41E /* MainView.swift in Sources */,
				28AE18BF2870E70C00940159 /* ForecastRepository.swift in Sources */,
				28AE18C528722E9A00940159 /* BannerModifier.swift in Sources */,
				28277B3E286F71A20079A376 /* Color+Extension.swift in Sources */,
				28C37400286DB6A60048A41E /* ForecastRemoteDataService.swift in Sources */,
				28AE18CE28741FA100940159 /* DomainForecast.swift in Sources */,
				28AE18CB28733DBB00940159 /* Publisher+Dump.swift in Sources */,
				28C373FE286DB6800048A41E /* ForecastViewModel.swift in Sources */,
				28277B36286EF4F70079A376 /* SearchBarView.swift in Sources */,
				28AE18C82872D72200940159 /* PopupView.swift in Sources */,
				28C373FA286CF77D0048A41E /* Forecast.swift in Sources */,
				28277B3C286F24DB0079A376 /* ForecastDetailView.swift in Sources */,
				28C373EB286CF6440048A41E /* ForecastWeatherApp.swift in Sources */,
				28AE18C22871C31E00940159 /* NetworkManager.swift in Sources */,
				28277B3A286F02B00079A376 /* UIApplication+Extension.swift in Sources */,
				28C37403286DB6F50048A41E /* ForecastListViewModel.swift in Sources */,
				284A2F3E287C7C000087C1F8 /* WeatherIcons.swift in Sources */,
				28AE18CC28733DBB00940159 /* Publisher+Retry.swift in Sources */,
				28AE18D12874203600940159 /* Constants.swift in Sources */,
			);
			runOnlyForDeploymentPostprocessing = 0;
		};
/* End PBXSourcesBuildPhase section */

/* Begin XCBuildConfiguration section */
		28C373F3286CF64D0048A41E /* Debug */ = {
			isa = XCBuildConfiguration;
			buildSettings = {
				ALWAYS_SEARCH_USER_PATHS = NO;
				CLANG_ANALYZER_NONNULL = YES;
				CLANG_ANALYZER_NUMBER_OBJECT_CONVERSION = YES_AGGRESSIVE;
				CLANG_CXX_LANGUAGE_STANDARD = "gnu++17";
				CLANG_ENABLE_MODULES = YES;
				CLANG_ENABLE_OBJC_ARC = YES;
				CLANG_ENABLE_OBJC_WEAK = YES;
				CLANG_WARN_BLOCK_CAPTURE_AUTORELEASING = YES;
				CLANG_WARN_BOOL_CONVERSION = YES;
				CLANG_WARN_COMMA = YES;
				CLANG_WARN_CONSTANT_CONVERSION = YES;
				CLANG_WARN_DEPRECATED_OBJC_IMPLEMENTATIONS = YES;
				CLANG_WARN_DIRECT_OBJC_ISA_USAGE = YES_ERROR;
				CLANG_WARN_DOCUMENTATION_COMMENTS = YES;
				CLANG_WARN_EMPTY_BODY = YES;
				CLANG_WARN_ENUM_CONVERSION = YES;
				CLANG_WARN_INFINITE_RECURSION = YES;
				CLANG_WARN_INT_CONVERSION = YES;
				CLANG_WARN_NON_LITERAL_NULL_CONVERSION = YES;
				CLANG_WARN_OBJC_IMPLICIT_RETAIN_SELF = YES;
				CLANG_WARN_OBJC_LITERAL_CONVERSION = YES;
				CLANG_WARN_OBJC_ROOT_CLASS = YES_ERROR;
				CLANG_WARN_QUOTED_INCLUDE_IN_FRAMEWORK_HEADER = YES;
				CLANG_WARN_RANGE_LOOP_ANALYSIS = YES;
				CLANG_WARN_STRICT_PROTOTYPES = YES;
				CLANG_WARN_SUSPICIOUS_MOVE = YES;
				CLANG_WARN_UNGUARDED_AVAILABILITY = YES_AGGRESSIVE;
				CLANG_WARN_UNREACHABLE_CODE = YES;
				CLANG_WARN__DUPLICATE_METHOD_MATCH = YES;
				COPY_PHASE_STRIP = NO;
				DEBUG_INFORMATION_FORMAT = dwarf;
				ENABLE_STRICT_OBJC_MSGSEND = YES;
				ENABLE_TESTABILITY = YES;
				GCC_C_LANGUAGE_STANDARD = gnu11;
				GCC_DYNAMIC_NO_PIC = NO;
				GCC_NO_COMMON_BLOCKS = YES;
				GCC_OPTIMIZATION_LEVEL = 0;
				GCC_PREPROCESSOR_DEFINITIONS = (
					"DEBUG=1",
					"$(inherited)",
				);
				GCC_WARN_64_TO_32_BIT_CONVERSION = YES;
				GCC_WARN_ABOUT_RETURN_TYPE = YES_ERROR;
				GCC_WARN_UNDECLARED_SELECTOR = YES;
				GCC_WARN_UNINITIALIZED_AUTOS = YES_AGGRESSIVE;
				GCC_WARN_UNUSED_FUNCTION = YES;
				GCC_WARN_UNUSED_VARIABLE = YES;
				IPHONEOS_DEPLOYMENT_TARGET = 15.5;
				MTL_ENABLE_DEBUG_INFO = INCLUDE_SOURCE;
				MTL_FAST_MATH = YES;
				ONLY_ACTIVE_ARCH = YES;
				SDKROOT = iphoneos;
				SWIFT_ACTIVE_COMPILATION_CONDITIONS = DEBUG;
				SWIFT_OPTIMIZATION_LEVEL = "-Onone";
			};
			name = Debug;
		};
		28C373F4286CF64D0048A41E /* Release */ = {
			isa = XCBuildConfiguration;
			buildSettings = {
				ALWAYS_SEARCH_USER_PATHS = NO;
				CLANG_ANALYZER_NONNULL = YES;
				CLANG_ANALYZER_NUMBER_OBJECT_CONVERSION = YES_AGGRESSIVE;
				CLANG_CXX_LANGUAGE_STANDARD = "gnu++17";
				CLANG_ENABLE_MODULES = YES;
				CLANG_ENABLE_OBJC_ARC = YES;
				CLANG_ENABLE_OBJC_WEAK = YES;
				CLANG_WARN_BLOCK_CAPTURE_AUTORELEASING = YES;
				CLANG_WARN_BOOL_CONVERSION = YES;
				CLANG_WARN_COMMA = YES;
				CLANG_WARN_CONSTANT_CONVERSION = YES;
				CLANG_WARN_DEPRECATED_OBJC_IMPLEMENTATIONS = YES;
				CLANG_WARN_DIRECT_OBJC_ISA_USAGE = YES_ERROR;
				CLANG_WARN_DOCUMENTATION_COMMENTS = YES;
				CLANG_WARN_EMPTY_BODY = YES;
				CLANG_WARN_ENUM_CONVERSION = YES;
				CLANG_WARN_INFINITE_RECURSION = YES;
				CLANG_WARN_INT_CONVERSION = YES;
				CLANG_WARN_NON_LITERAL_NULL_CONVERSION = YES;
				CLANG_WARN_OBJC_IMPLICIT_RETAIN_SELF = YES;
				CLANG_WARN_OBJC_LITERAL_CONVERSION = YES;
				CLANG_WARN_OBJC_ROOT_CLASS = YES_ERROR;
				CLANG_WARN_QUOTED_INCLUDE_IN_FRAMEWORK_HEADER = YES;
				CLANG_WARN_RANGE_LOOP_ANALYSIS = YES;
				CLANG_WARN_STRICT_PROTOTYPES = YES;
				CLANG_WARN_SUSPICIOUS_MOVE = YES;
				CLANG_WARN_UNGUARDED_AVAILABILITY = YES_AGGRESSIVE;
				CLANG_WARN_UNREACHABLE_CODE = YES;
				CLANG_WARN__DUPLICATE_METHOD_MATCH = YES;
				COPY_PHASE_STRIP = NO;
				DEBUG_INFORMATION_FORMAT = "dwarf-with-dsym";
				ENABLE_NS_ASSERTIONS = NO;
				ENABLE_STRICT_OBJC_MSGSEND = YES;
				GCC_C_LANGUAGE_STANDARD = gnu11;
				GCC_NO_COMMON_BLOCKS = YES;
				GCC_WARN_64_TO_32_BIT_CONVERSION = YES;
				GCC_WARN_ABOUT_RETURN_TYPE = YES_ERROR;
				GCC_WARN_UNDECLARED_SELECTOR = YES;
				GCC_WARN_UNINITIALIZED_AUTOS = YES_AGGRESSIVE;
				GCC_WARN_UNUSED_FUNCTION = YES;
				GCC_WARN_UNUSED_VARIABLE = YES;
				IPHONEOS_DEPLOYMENT_TARGET = 15.5;
				MTL_ENABLE_DEBUG_INFO = NO;
				MTL_FAST_MATH = YES;
				SDKROOT = iphoneos;
				SWIFT_COMPILATION_MODE = wholemodule;
				SWIFT_OPTIMIZATION_LEVEL = "-O";
				VALIDATE_PRODUCT = YES;
			};
			name = Release;
		};
		28C373F6286CF64D0048A41E /* Debug */ = {
			isa = XCBuildConfiguration;
			buildSettings = {
				ASSETCATALOG_COMPILER_APPICON_NAME = AppIcon;
				ASSETCATALOG_COMPILER_GLOBAL_ACCENT_COLOR_NAME = AccentColor;
				CODE_SIGN_STYLE = Automatic;
				CURRENT_PROJECT_VERSION = 1;
				DEVELOPMENT_ASSET_PATHS = "\"ForecastWeather/Preview Content\"";
				DEVELOPMENT_TEAM = 6T7Q5NYYAK;
				ENABLE_PREVIEWS = YES;
				GENERATE_INFOPLIST_FILE = YES;
				INFOPLIST_KEY_UIApplicationSceneManifest_Generation = YES;
				INFOPLIST_KEY_UIApplicationSupportsIndirectInputEvents = YES;
				INFOPLIST_KEY_UILaunchScreen_Generation = YES;
				INFOPLIST_KEY_UILaunchStoryboardName = "Launch Screen";
				INFOPLIST_KEY_UISupportedInterfaceOrientations_iPad = "UIInterfaceOrientationPortrait UIInterfaceOrientationPortraitUpsideDown UIInterfaceOrientationLandscapeLeft UIInterfaceOrientationLandscapeRight";
				INFOPLIST_KEY_UISupportedInterfaceOrientations_iPhone = "UIInterfaceOrientationPortrait UIInterfaceOrientationLandscapeLeft UIInterfaceOrientationLandscapeRight";
				LD_RUNPATH_SEARCH_PATHS = (
					"$(inherited)",
					"@executable_path/Frameworks",
				);
				MARKETING_VERSION = 1.0;
				PRODUCT_BUNDLE_IDENTIFIER = com.ForecastWeather;
				PRODUCT_NAME = "$(TARGET_NAME)";
				SWIFT_EMIT_LOC_STRINGS = YES;
				SWIFT_VERSION = 5.0;
				TARGETED_DEVICE_FAMILY = "1,2";
			};
			name = Debug;
		};
		28C373F7286CF64D0048A41E /* Release */ = {
			isa = XCBuildConfiguration;
			buildSettings = {
				ASSETCATALOG_COMPILER_APPICON_NAME = AppIcon;
				ASSETCATALOG_COMPILER_GLOBAL_ACCENT_COLOR_NAME = AccentColor;
				CODE_SIGN_STYLE = Automatic;
				CURRENT_PROJECT_VERSION = 1;
				DEVELOPMENT_ASSET_PATHS = "\"ForecastWeather/Preview Content\"";
				DEVELOPMENT_TEAM = 6T7Q5NYYAK;
				ENABLE_PREVIEWS = YES;
				GENERATE_INFOPLIST_FILE = YES;
				INFOPLIST_KEY_UIApplicationSceneManifest_Generation = YES;
				INFOPLIST_KEY_UIApplicationSupportsIndirectInputEvents = YES;
				INFOPLIST_KEY_UILaunchScreen_Generation = YES;
				INFOPLIST_KEY_UILaunchStoryboardName = "Launch Screen";
				INFOPLIST_KEY_UISupportedInterfaceOrientations_iPad = "UIInterfaceOrientationPortrait UIInterfaceOrientationPortraitUpsideDown UIInterfaceOrientationLandscapeLeft UIInterfaceOrientationLandscapeRight";
				INFOPLIST_KEY_UISupportedInterfaceOrientations_iPhone = "UIInterfaceOrientationPortrait UIInterfaceOrientationLandscapeLeft UIInterfaceOrientationLandscapeRight";
				LD_RUNPATH_SEARCH_PATHS = (
					"$(inherited)",
					"@executable_path/Frameworks",
				);
				MARKETING_VERSION = 1.0;
				PRODUCT_BUNDLE_IDENTIFIER = com.ForecastWeather;
				PRODUCT_NAME = "$(TARGET_NAME)";
				SWIFT_EMIT_LOC_STRINGS = YES;
				SWIFT_VERSION = 5.0;
				TARGETED_DEVICE_FAMILY = "1,2";
			};
			name = Release;
		};
/* End XCBuildConfiguration section */

/* Begin XCConfigurationList section */
		28C373E2286CF6430048A41E /* Build configuration list for PBXProject "ForecastWeather" */ = {
			isa = XCConfigurationList;
			buildConfigurations = (
				28C373F3286CF64D0048A41E /* Debug */,
				28C373F4286CF64D0048A41E /* Release */,
			);
			defaultConfigurationIsVisible = 0;
			defaultConfigurationName = Release;
		};
		28C373F5286CF64D0048A41E /* Build configuration list for PBXNativeTarget "ForecastWeather" */ = {
			isa = XCConfigurationList;
			buildConfigurations = (
				28C373F6286CF64D0048A41E /* Debug */,
				28C373F7286CF64D0048A41E /* Release */,
			);
			defaultConfigurationIsVisible = 0;
			defaultConfigurationName = Release;
		};
/* End XCConfigurationList section */

/* Begin XCRemoteSwiftPackageReference section */
		28C37404286E381F0048A41E /* XCRemoteSwiftPackageReference "Kingfisher" */ = {
			isa = XCRemoteSwiftPackageReference;
			repositoryURL = "https://github.com/onevcat/Kingfisher";
			requirement = {
				kind = upToNextMajorVersion;
				minimumVersion = 7.0.0;
			};
		};
/* End XCRemoteSwiftPackageReference section */

/* Begin XCSwiftPackageProductDependency section */
		28C37405286E38200048A41E /* Kingfisher */ = {
			isa = XCSwiftPackageProductDependency;
			package = 28C37404286E381F0048A41E /* XCRemoteSwiftPackageReference "Kingfisher" */;
			productName = Kingfisher;
		};
/* End XCSwiftPackageProductDependency section */
	};
	rootObject = 28C373DF286CF6430048A41E /* Project object */;
}
